{
  "name": "vibedeck-cli",
  "version": "0.1.1",
  "lockfileVersion": 3,
  "requires": true,
  "packages": {
    "": {
      "name": "vibedeck-cli",
      "version": "0.1.1",
      "hasInstallScript": true,
      "license": "MIT",
      "bin": {
        "vibedeck": "bin/vibedeck.js"
      },
      "engines": {
        "node": ">=22.5"
      }
    }
  }
}
